[[package]]
name = "anyascii"
version = "0.3.1"
requires_python = ">=3.3"
summary = "Unicode to ASCII transliteration"

[[package]]
name = "asgiref"
version = "3.5.2"
requires_python = ">=3.7"
summary = "ASGI specs, helper code, and adapters"

[[package]]
name = "beautifulsoup4"
version = "4.9.3"
summary = "Screen-scraping library"
dependencies = [
    "soupsieve>1.2; python_version >= \"3.0\"",
]

[[package]]
name = "certifi"
version = "2022.6.15"
requires_python = ">=3.6"
summary = "Python package for providing Mozilla's CA Bundle."

[[package]]
name = "charset-normalizer"
version = "2.1.1"
requires_python = ">=3.6.0"
summary = "The Real First Universal Charset Detector. Open, modern and actively maintained alternative to Chardet."

[[package]]
name = "django"
version = "4.0.7"
requires_python = ">=3.8"
summary = "A high-level Python web framework that encourages rapid development and clean, pragmatic design."
dependencies = [
    "asgiref<4,>=3.4.1",
    "sqlparse>=0.2.2",
    "tzdata; sys_platform == \"win32\"",
]

[[package]]
name = "django-filter"
version = "21.1"
requires_python = ">=3.6"
summary = "Django-filter is a reusable Django application for allowing users to filter querysets dynamically."
dependencies = [
    "Django>=2.2",
]

[[package]]
name = "django-modelcluster"
version = "6.0"
requires_python = ">=3.7"
summary = "Django extension to allow working with 'clusters' of models as a single unit, independently of the database"
dependencies = [
    "django>=2.2",
    "pytz>=2015.2",
]

[[package]]
name = "django-permissionedforms"
version = "0.1"
requires_python = ">=3.7"
summary = "Django extension for creating forms that vary according to user permissions"
dependencies = [
    "Django",
]

[[package]]
name = "django-taggit"
version = "2.1.0"
requires_python = ">=3.6"
summary = "django-taggit is a reusable Django application for simple tagging."
dependencies = [
    "Django>=2.2",
]

[[package]]
name = "django-treebeard"
version = "4.5.1"
requires_python = ">=3.6"
summary = "Efficient tree implementations for Django"
dependencies = [
    "Django>=2.2",
]

[[package]]
name = "djangorestframework"
version = "3.13.1"
requires_python = ">=3.6"
summary = "Web APIs for Django, made easy."
dependencies = [
    "django>=2.2",
    "pytz",
]

[[package]]
name = "draftjs-exporter"
version = "2.1.7"
summary = "Library to convert rich text from Draft.js raw ContentState to HTML"

[[package]]
name = "et-xmlfile"
version = "1.1.0"
requires_python = ">=3.6"
summary = "An implementation of lxml.xmlfile for the standard library"

[[package]]
name = "html5lib"
version = "1.1"
requires_python = ">=2.7, !=3.0.*, !=3.1.*, !=3.2.*, !=3.3.*, !=3.4.*"
summary = "HTML parser based on the WHATWG HTML specification"
dependencies = [
    "six>=1.9",
    "webencodings",
]

[[package]]
name = "idna"
version = "3.3"
requires_python = ">=3.5"
summary = "Internationalized Domain Names in Applications (IDNA)"

[[package]]
name = "l18n"
version = "2021.3"
summary = "Internationalization for pytz timezones and territories"
dependencies = [
    "pytz>=2020.1",
    "six",
]

[[package]]
name = "openpyxl"
version = "3.0.10"
requires_python = ">=3.6"
summary = "A Python library to read/write Excel 2010 xlsx/xlsm files"
dependencies = [
    "et-xmlfile",
]

[[package]]
name = "pillow"
version = "9.2.0"
requires_python = ">=3.7"
summary = "Python Imaging Library (Fork)"

[[package]]
name = "pytz"
version = "2022.2.1"
summary = "World timezone definitions, modern and historical"

[[package]]
name = "requests"
version = "2.28.1"
requires_python = ">=3.7, <4"
summary = "Python HTTP for Humans."
dependencies = [
    "certifi>=2017.4.17",
    "charset-normalizer<3,>=2",
    "idna<4,>=2.5",
    "urllib3<1.27,>=1.21.1",
]

[[package]]
name = "six"
version = "1.16.0"
requires_python = ">=2.7, !=3.0.*, !=3.1.*, !=3.2.*"
summary = "Python 2 and 3 compatibility utilities"

[[package]]
name = "soupsieve"
version = "2.3.2.post1"
requires_python = ">=3.6"
summary = "A modern CSS selector implementation for Beautiful Soup."

[[package]]
name = "sqlparse"
version = "0.4.2"
requires_python = ">=3.5"
summary = "A non-validating SQL parser."

[[package]]
name = "tablib"
version = "3.2.1"
requires_python = ">=3.7"
summary = "Format agnostic tabular data library (XLS, JSON, YAML, CSV)"

[[package]]
name = "tablib"
version = "3.2.1"
extras = ["xls", "xlsx"]
requires_python = ">=3.7"
summary = "Format agnostic tabular data library (XLS, JSON, YAML, CSV)"
dependencies = [
    "openpyxl>=2.6.0",
    "tablib==3.2.1",
    "xlrd",
    "xlwt",
]

[[package]]
name = "telepath"
version = "0.2"
requires_python = ">=3.5"
summary = "A library for exchanging data between Python and JavaScript"

[[package]]
name = "tzdata"
version = "2022.2"
requires_python = ">=2"
summary = "Provider of IANA time zone data"

[[package]]
name = "urllib3"
version = "1.26.12"
requires_python = ">=2.7, !=3.0.*, !=3.1.*, !=3.2.*, !=3.3.*, !=3.4.*, !=3.5.*, <4"
summary = "HTTP library with thread-safe connection pooling, file post, and more."

[[package]]
name = "wagtail"
version = "3.0.1"
requires_python = ">=3.7"
summary = "A Django content management system."
dependencies = [
    "Django<4.1,>=3.2",
    "Pillow<10.0.0,>=4.0.0",
    "Willow<1.5,>=1.4",
    "anyascii>=0.1.5",
    "beautifulsoup4<4.10,>=4.8",
    "django-filter<22,>=2.2",
    "django-modelcluster<7.0,>=6.0",
    "django-permissionedforms<1.0,>=0.1",
    "django-taggit<3.0,>=2.0",
    "django-treebeard<5.0,>=4.5.1",
    "djangorestframework<4.0,>=3.11.1",
    "draftjs-exporter<3.0,>=2.1.5",
    "html5lib<2,>=0.999",
    "l18n>=2018.5",
    "requests<3.0,>=2.11.1",
    "tablib[xls,xlsx]>=0.14.0",
    "telepath<1,>=0.1.1",
    "xlsxwriter<4.0,>=1.2.8",
]

[[package]]
name = "webencodings"
version = "0.5.1"
summary = "Character encoding aliases for legacy web content"

[[package]]
name = "willow"
version = "1.4.1"
requires_python = ">=2.7,!=3.0.*,!=3.1.*,!=3.2.*,!=3.3.*,!=3.4.*"
summary = "A Python image library that sits on top of Pillow, Wand and OpenCV"

[[package]]
name = "xlrd"
version = "2.0.1"
requires_python = ">=2.7, !=3.0.*, !=3.1.*, !=3.2.*, !=3.3.*, !=3.4.*, !=3.5.*"
summary = "Library for developers to extract data from Microsoft Excel (tm) .xls spreadsheet files"

[[package]]
name = "xlsxwriter"
version = "3.0.3"
requires_python = ">=3.4"
summary = "A Python module for creating Excel XLSX files."

[[package]]
name = "xlwt"
version = "1.3.0"
summary = "Library to create spreadsheet files compatible with MS Excel 97/2000/XP/2003 XLS files, on any platform, with Python 2.6, 2.7, 3.3+"

[metadata]
lock_version = "4.0"
content_hash = "sha256:e14c6b19e8ab3f4d8e9658365071e7f97b0242d039f655b0f1fd936b98d5d156"

[metadata.files]
"anyascii 0.3.1" = [
    {url = "https://files.pythonhosted.org/packages/39/f6/7c1e3a2a54f18b67c5bd092c25ac7327083d4b3b15731b98a9c193df2db9/anyascii-0.3.1-py3-none-any.whl", hash = "sha256:8707d3185017435933360462a65e2c70a4818490745804f38a5ca55e59eb56a0"},
    {url = "https://files.pythonhosted.org/packages/fc/e7/b652df00af4f769c1beb753d6dbf80cc8f396d6d579c4a537335b7d9ba80/anyascii-0.3.1.tar.gz", hash = "sha256:dedf57728206e286c91eed7c759505a5e45c8cd01367dd40c2f7248bb15c11f6"},
]
"asgiref 3.5.2" = [
    {url = "https://files.pythonhosted.org/packages/1f/35/e7d59b92ceffb1dc62c65156278de378670b46ab2364a3ea7216fe194ba3/asgiref-3.5.2.tar.gz", hash = "sha256:4a29362a6acebe09bf1d6640db38c1dc3d9217c68e6f9f6204d72667fc19a424"},
    {url = "https://files.pythonhosted.org/packages/af/6d/ea3a5c3027c3f14b0321cd4f7e594c776ebe64e4b927432ca6917512a4f7/asgiref-3.5.2-py3-none-any.whl", hash = "sha256:1d2880b792ae8757289136f1db2b7b99100ce959b2aa57fd69dab783d05afac4"},
]
"beautifulsoup4 4.9.3" = [
    {url = "https://files.pythonhosted.org/packages/1c/d9/8c507915ff962b9e854b477b203c171074f59cce9465dac9f71c2b57ebd6/beautifulsoup4-4.9.3-py2-none-any.whl", hash = "sha256:4c98143716ef1cb40bf7f39a8e3eec8f8b009509e74904ba3a7b315431577e35"},
    {url = "https://files.pythonhosted.org/packages/6b/c3/d31704ae558dcca862e4ee8e8388f357af6c9d9acb0cad4ba0fbbd350d9a/beautifulsoup4-4.9.3.tar.gz", hash = "sha256:84729e322ad1d5b4d25f805bfa05b902dd96450f43842c4e99067d5e1369eb25"},
    {url = "https://files.pythonhosted.org/packages/d1/41/e6495bd7d3781cee623ce23ea6ac73282a373088fcd0ddc809a047b18eae/beautifulsoup4-4.9.3-py3-none-any.whl", hash = "sha256:fff47e031e34ec82bf17e00da8f592fe7de69aeea38be00523c04623c04fb666"},
]
"certifi 2022.6.15" = [
    {url = "https://files.pythonhosted.org/packages/cc/85/319a8a684e8ac6d87a1193090e06b6bbb302717496380e225ee10487c888/certifi-2022.6.15.tar.gz", hash = "sha256:84c85a9078b11105f04f3036a9482ae10e4621616db313fe045dd24743a0820d"},
    {url = "https://files.pythonhosted.org/packages/e9/06/d3d367b7af6305b16f0d28ae2aaeb86154fa91f144f036c2d5002a5a202b/certifi-2022.6.15-py3-none-any.whl", hash = "sha256:fe86415d55e84719d75f8b69414f6438ac3547d2078ab91b67e779ef69378412"},
]
"charset-normalizer 2.1.1" = [
    {url = "https://files.pythonhosted.org/packages/a1/34/44964211e5410b051e4b8d2869c470ae8a68ae274953b1c7de6d98bbcf94/charset-normalizer-2.1.1.tar.gz", hash = "sha256:5a3d016c7c547f69d6f81fb0db9449ce888b418b5b9952cc5e6e66843e9dd845"},
    {url = "https://files.pythonhosted.org/packages/db/51/a507c856293ab05cdc1db77ff4bc1268ddd39f29e7dc4919aa497f0adbec/charset_normalizer-2.1.1-py3-none-any.whl", hash = "sha256:83e9a75d1911279afd89352c68b45348559d1fc0506b054b346651b5e7fee29f"},
]
"django 4.0.7" = [
    {url = "https://files.pythonhosted.org/packages/5c/12/a368d0caf91f1dab8154f1c579c5025c6645def5f3eee0d297347c7a1def/Django-4.0.7.tar.gz", hash = "sha256:9c6d5ad36be798e562ddcaa6b17b1c3ff2d3c4f529a47432b69fb9a30f847461"},
    {url = "https://files.pythonhosted.org/packages/e3/41/9c6d5fe4e4ee6204ecf0cb96d843cca06be59b702d66afe5cf810508575e/Django-4.0.7-py3-none-any.whl", hash = "sha256:41bd65a9e5f8a89cdbfa7a7bba45cd7431ae89e750af82dea8a35fd1a7ecbe66"},
]
"django-filter 21.1" = [
    {url = "https://files.pythonhosted.org/packages/37/90/8fbf530e14dbcaf502cd80078cbae9e4f805f20888973488ebe8480c3c28/django_filter-21.1-py3-none-any.whl", hash = "sha256:f4a6737a30104c98d2e2a5fb93043f36dd7978e0c7ddc92f5998e85433ea5063"},
    {url = "https://files.pythonhosted.org/packages/e3/90/819a74f0c9650a7ceda158d85a6010b4ce3d4e215e0c69ec9f3a733ce72f/django-filter-21.1.tar.gz", hash = "sha256:632a251fa8f1aadb4b8cceff932bb52fe2f826dd7dfe7f3eac40e5c463d6836e"},
]
"django-modelcluster 6.0" = [
    {url = "https://files.pythonhosted.org/packages/70/ff/e3d6894dc8b5a0ef8c6bde7a88693af257936df11480f33d646b73bb92e1/django_modelcluster-6.0-py2.py3-none-any.whl", hash = "sha256:4ae46f86c43702020f24f212222eef0a2588df937bbb523a5447da247b5fb130"},
    {url = "https://files.pythonhosted.org/packages/80/f6/f9583d4b78da566fe5f2bd05e5d79c1172e68e8268944082105267d08560/django-modelcluster-6.0.tar.gz", hash = "sha256:cdcffef5baf5d3759ee04c5b60ffaf1a0c95fc0f265e762f3ddfadde3394e5db"},
]
"django-permissionedforms 0.1" = [
    {url = "https://files.pythonhosted.org/packages/94/4b/364fe61a161ead607dc6af311901ba8e62f537f8fdab94b5252cb6efe6d7/django-permissionedforms-0.1.tar.gz", hash = "sha256:4340bb20c4477fffb13b4cc5cccf9f1b1010b64f79956c291c72d2ad2ed243f8"},
    {url = "https://files.pythonhosted.org/packages/e6/5b/216157ff053f955b15b9dcdc13bfb6e406666445164fee9e332e141be96d/django_permissionedforms-0.1-py2.py3-none-any.whl", hash = "sha256:d341a961a27cc77fde8cc42141c6ab55cc1f0cb886963cc2d6967b9674fa47d6"},
]
"django-taggit 2.1.0" = [
    {url = "https://files.pythonhosted.org/packages/8f/64/6ca8b92c6cebe43956d27b9c5b7f27cd7e2f04a9407a488f05cd39bf96c7/django_taggit-2.1.0-py3-none-any.whl", hash = "sha256:61547a23fc99967c9304107414a09e662b459f4163dbbae32e60b8ba40c34d05"},
    {url = "https://files.pythonhosted.org/packages/b9/ba/70e6a6ca96c347fa91c7676f0f574c08cc1d5e40daa7c3ae5a824fc70360/django-taggit-2.1.0.tar.gz", hash = "sha256:a9f41e4ad58efe4b28d86f274728ee87eb98eeae90c9eb4b4efad39e5068184e"},
]
"django-treebeard 4.5.1" = [
    {url = "https://files.pythonhosted.org/packages/76/bc/116e0adc4b6acca67761687230de96d0e463e62aa7b5fee7b4ccd3ad6c32/django-treebeard-4.5.1.tar.gz", hash = "sha256:80150017725239702054e5fa64dc66e383dc13ac262c8d47ee5a82cb005969da"},
    {url = "https://files.pythonhosted.org/packages/a4/a7/a0359f322d9e843514d95577ee8e64c1662bc4f7764a4d7acc9a9fd66a68/django_treebeard-4.5.1-py3-none-any.whl", hash = "sha256:7c2b1cdb1e9b46d595825186064a1228bc4d00dbbc186db5b0b9412357fba91c"},
]
"djangorestframework 3.13.1" = [
    {url = "https://files.pythonhosted.org/packages/7e/40/efa7f7b2448194b1065572f34d3e6cadb478c67af62f6893957376d8a9be/djangorestframework-3.13.1.tar.gz", hash = "sha256:0c33407ce23acc68eca2a6e46424b008c9c02eceb8cf18581921d0092bc1f2ee"},
    {url = "https://files.pythonhosted.org/packages/c8/45/2588c7c5a01a7da6822c6ffbc9a731d498c318a803a29ae780ec635ea41d/djangorestframework-3.13.1-py3-none-any.whl", hash = "sha256:24c4bf58ed7e85d1fe4ba250ab2da926d263cd57d64b03e8dcef0ac683f8b1aa"},
]
"draftjs-exporter 2.1.7" = [
    {url = "https://files.pythonhosted.org/packages/43/21/5ecec14572c86eed3173b8cd8ece268ec20be2faa4ead09669531739d31e/draftjs_exporter-2.1.7-py3-none-any.whl", hash = "sha256:d415a9964690a2cddb66a31ef32dd46c277e9b80434b94e39e3043188ed83e33"},
    {url = "https://files.pythonhosted.org/packages/8d/ee/eeb5d159b6ad55efb7f2ad96803b6527fb5a29737b4e2ec9cd8e4635dada/draftjs_exporter-2.1.7.tar.gz", hash = "sha256:5839cbc29d7bce2fb99837a404ca40c3a07313f2a20e2700de7ad6aa9a9a18fb"},
]
"et-xmlfile 1.1.0" = [
    {url = "https://files.pythonhosted.org/packages/3d/5d/0413a31d184a20c763ad741cc7852a659bf15094c24840c5bdd1754765cd/et_xmlfile-1.1.0.tar.gz", hash = "sha256:8eb9e2bc2f8c97e37a2dc85a09ecdcdec9d8a396530a6d5a33b30b9a92da0c5c"},
    {url = "https://files.pythonhosted.org/packages/96/c2/3dd434b0108730014f1b96fd286040dc3bcb70066346f7e01ec2ac95865f/et_xmlfile-1.1.0-py3-none-any.whl", hash = "sha256:a2ba85d1d6a74ef63837eed693bcb89c3f752169b0e3e7ae5b16ca5e1b3deada"},
]
"html5lib 1.1" = [
    {url = "https://files.pythonhosted.org/packages/6c/dd/a834df6482147d48e225a49515aabc28974ad5a4ca3215c18a882565b028/html5lib-1.1-py2.py3-none-any.whl", hash = "sha256:0d78f8fde1c230e99fe37986a60526d7049ed4bf8a9fadbad5f00e22e58e041d"},
    {url = "https://files.pythonhosted.org/packages/ac/b6/b55c3f49042f1df3dcd422b7f224f939892ee94f22abcf503a9b7339eaf2/html5lib-1.1.tar.gz", hash = "sha256:b2e5b40261e20f354d198eae92afc10d750afb487ed5e50f9c4eaf07c184146f"},
]
"idna 3.3" = [
    {url = "https://files.pythonhosted.org/packages/04/a2/d918dcd22354d8958fe113e1a3630137e0fc8b44859ade3063982eacd2a4/idna-3.3-py3-none-any.whl", hash = "sha256:84d9dd047ffa80596e0f246e2eab0b391788b0503584e8945f2368256d2735ff"},
    {url = "https://files.pythonhosted.org/packages/62/08/e3fc7c8161090f742f504f40b1bccbfc544d4a4e09eb774bf40aafce5436/idna-3.3.tar.gz", hash = "sha256:9d643ff0a55b762d5cdb124b8eaa99c66322e2157b69160bc32796e824360e6d"},
]
"l18n 2021.3" = [
    {url = "https://files.pythonhosted.org/packages/6c/e7/dfa82d0bb2b314950e457a755463b429090127ffc0ab9d8d14ef4563ad44/l18n-2021.3-py3-none-any.whl", hash = "sha256:78495d1df95b6f7dcc694d1ba8994df709c463a1cbac1bf016e1b9a5ce7280b9"},
    {url = "https://files.pythonhosted.org/packages/ff/9c/13d732e16e8fbdef7e68f4f339f3b86618430d4003c7ffe82e15bf925d7c/l18n-2021.3.tar.gz", hash = "sha256:1956e890d673d17135cc20913253c154f6bc1c00266c22b7d503cc1a5a42d848"},
]
"openpyxl 3.0.10" = [
    {url = "https://files.pythonhosted.org/packages/2c/b8/ff77a718173fd73e49f883b4fda88f11af1fc51edb9252af3785b0cad987/openpyxl-3.0.10.tar.gz", hash = "sha256:e47805627aebcf860edb4edf7987b1309c1b3632f3750538ed962bbcc3bd7449"},
    {url = "https://files.pythonhosted.org/packages/7b/60/9afac4fd6feee0ac09339de4101ee452ea643d26e9ce44c7708a0023f503/openpyxl-3.0.10-py2.py3-none-any.whl", hash = "sha256:0ab6d25d01799f97a9464630abacbb34aafecdcaa0ef3cba6d6b3499867d0355"},
]
"pillow 9.2.0" = [
    {url = "https://files.pythonhosted.org/packages/01/61/3ff85fb4bb596ce3d223c8fcf93c8df5c12bc8899dfb4fb3cb1c5b20dd5f/Pillow-9.2.0-cp39-cp39-manylinux_2_28_x86_64.whl", hash = "sha256:13b725463f32df1bfeacbf3dd197fb358ae8ebcd8c5548faa75126ea425ccb60"},
    {url = "https://files.pythonhosted.org/packages/02/55/67a3c17b9e7d972ed8c246f104da99ca4f3ea42fba566697e479011b84b6/Pillow-9.2.0-cp310-cp310-win_amd64.whl", hash = "sha256:254164c57bab4b459f14c64e93df11eff5ded575192c294a0c49270f22c5d93d"},
    {url = "https://files.pythonhosted.org/packages/0c/5f/117b653cad585f3aedfe0de996c292e67d4b020ed77f652e5a6c8c24f908/Pillow-9.2.0-cp310-cp310-macosx_11_0_arm64.whl", hash = "sha256:510cef4a3f401c246cfd8227b300828715dd055463cdca6176c2e4036df8bd4f"},
    {url = "https://files.pythonhosted.org/packages/17/3c/c8beada8de13d32a1a6344d04a8ce5b1d45d6954e582c6ed3c967911d4d6/Pillow-9.2.0-cp38-cp38-manylinux_2_17_aarch64.manylinux2014_aarch64.whl", hash = "sha256:2d33a11f601213dcd5718109c09a52c2a1c893e7461f0be2d6febc2879ec2402"},
    {url = "https://files.pythonhosted.org/packages/18/5a/686b8139458d23de880318cbf4cd18722e46a50e167c319ba4893cb7b177/Pillow-9.2.0-cp37-cp37m-manylinux_2_17_i686.manylinux2014_i686.whl", hash = "sha256:dcd7b9c7139dc8258d164b55696ecd16c04607f1cc33ba7af86613881ffe4ac8"},
    {url = "https://files.pythonhosted.org/packages/19/3f/b4d4bcf05dbcbe07f2e9613a8f4180c297395e73a91d8ad22c32c6624f8c/Pillow-9.2.0-cp39-cp39-win_amd64.whl", hash = "sha256:fac2d65901fb0fdf20363fbd345c01958a742f2dc62a8dd4495af66e3ff502a4"},
    {url = "https://files.pythonhosted.org/packages/1c/28/f2ed3a4f298319b0b1ece6f527c8f75bbc8c66866eef6a1384be32fdaab9/Pillow-9.2.0-cp311-cp311-manylinux_2_28_aarch64.whl", hash = "sha256:15928f824870535c85dbf949c09d6ae7d3d6ac2d6efec80f3227f73eefba741c"},
    {url = "https://files.pythonhosted.org/packages/20/cb/261342854f01ff18281e97ec8e6a7ce3beaf8e1091d1cebd52776049358d/Pillow-9.2.0-cp38-cp38-manylinux_2_17_x86_64.manylinux2014_x86_64.whl", hash = "sha256:a647c0d4478b995c5e54615a2e5360ccedd2f85e70ab57fbe817ca613d5e63b8"},
    {url = "https://files.pythonhosted.org/packages/26/bf/3b0c19d97745aea31cbd808b33c6e2686fa3baa0c9a8046ecd403e41a921/Pillow-9.2.0-cp39-cp39-win32.whl", hash = "sha256:337a74fd2f291c607d220c793a8135273c4c2ab001b03e601c36766005f36885"},
    {url = "https://files.pythonhosted.org/packages/29/61/9303560bc992d5e1985a260544b008410a53dab8b8f34d2791aeff04bc5b/Pillow-9.2.0-pp38-pypy38_pp73-manylinux_2_28_x86_64.whl", hash = "sha256:96b5e6874431df16aee0c1ba237574cb6dff1dcb173798faa6a9d8b399a05d0e"},
    {url = "https://files.pythonhosted.org/packages/29/8e/63969ca113cf56b6ff285ce1d983ebce8a205b57ad2e206e4656c77f47b1/Pillow-9.2.0-pp38-pypy38_pp73-manylinux_2_17_i686.manylinux2014_i686.whl", hash = "sha256:1802f34298f5ba11d55e5bb09c31997dc0c6aed919658dfdf0198a2fe75d5490"},
    {url = "https://files.pythonhosted.org/packages/38/bf/591fb5d727e291fe0e83b9c26eaf52b540ece7805c91c193fc653031aa66/Pillow-9.2.0-cp311-cp311-macosx_10_10_universal2.whl", hash = "sha256:408673ed75594933714482501fe97e055a42996087eeca7e5d06e33218d05aa8"},
    {url = "https://files.pythonhosted.org/packages/39/72/7097a5b4b70661df03b8af02152fc5562a6f7ad1eb94b0ceb3c1999ed623/Pillow-9.2.0-cp311-cp311-musllinux_1_1_x86_64.whl", hash = "sha256:d5b87da55a08acb586bad5c3aa3b86505f559b84f39035b233d5bf844b0834b1"},
    {url = "https://files.pythonhosted.org/packages/3a/2c/dd6fe78e01ed1b6d117be95f7e9ed77c77899c14847b1ebe46148b53d354/Pillow-9.2.0-cp38-cp38-win32.whl", hash = "sha256:2ad0d4df0f5ef2247e27fc790d5c9b5a0af8ade9ba340db4a73bb1a4a3e5fb4f"},
    {url = "https://files.pythonhosted.org/packages/42/a5/b861588a463b29cfd789ab7e88cb95d33c2a3b6bbbe524f268b4ec8e0ba3/Pillow-9.2.0-pp38-pypy38_pp73-win_amd64.whl", hash = "sha256:0030fdbd926fb85844b8b92e2f9449ba89607231d3dd597a21ae72dc7fe26927"},
    {url = "https://files.pythonhosted.org/packages/47/39/b6f23b7a1b2c0de820be2e1059a2df47eea5895f5fbde3a193e05ccbe0f7/Pillow-9.2.0-pp37-pypy37_pp73-manylinux_2_17_x86_64.manylinux2014_x86_64.whl", hash = "sha256:3d1f14f5f691f55e1b47f824ca4fdcb4b19b4323fe43cc7bb105988cad7496be"},
    {url = "https://files.pythonhosted.org/packages/47/7d/5b437068f2420e72a3795e31569695d6c5948ce4eac874e6ef35ebd85c58/Pillow-9.2.0-cp38-cp38-manylinux_2_17_i686.manylinux2014_i686.whl", hash = "sha256:1fd6f5e3c0e4697fa7eb45b6e93996299f3feee73a3175fa451f49a74d092b9f"},
    {url = "https://files.pythonhosted.org/packages/4b/1d/5510e612cf0e637407a56bc94db95d152eda773652b16312b9fc7bde353a/Pillow-9.2.0-cp37-cp37m-manylinux_2_28_aarch64.whl", hash = "sha256:93689632949aff41199090eff5474f3990b6823404e45d66a5d44304e9cdc467"},
    {url = "https://files.pythonhosted.org/packages/53/77/382762dade9b466310b1459180b162140fc06778cb8406e9052e3c5e0f4a/Pillow-9.2.0-pp38-pypy38_pp73-manylinux_2_17_x86_64.manylinux2014_x86_64.whl", hash = "sha256:17d4cafe22f050b46d983b71c707162d63d796a1235cdf8b9d7a112e97b15bac"},
    {url = "https://files.pythonhosted.org/packages/57/7a/75294fb31127fe09dc5e17fda63ec0d349e9ad4a580fa6bd8583083f7e05/Pillow-9.2.0-cp311-cp311-manylinux_2_17_aarch64.manylinux2014_aarch64.whl", hash = "sha256:50dff9cc21826d2977ef2d2a205504034e3a4563ca6f5db739b0d1026658e004"},
    {url = "https://files.pythonhosted.org/packages/5b/a4/68e210389f3744043e0ce543d4eb81fe8d7be5462d1c7ac2e59d620991c4/Pillow-9.2.0-cp39-cp39-manylinux_2_17_aarch64.manylinux2014_aarch64.whl", hash = "sha256:ea98f633d45f7e815db648fd7ff0f19e328302ac36427343e4432c84432e7ff4"},
    {url = "https://files.pythonhosted.org/packages/60/70/8bb37350866edb03e92d7c32ef74ee5480094f54771b6feb2d1d7a487e04/Pillow-9.2.0-cp37-cp37m-manylinux_2_17_aarch64.manylinux2014_aarch64.whl", hash = "sha256:eef7592281f7c174d3d6cbfbb7ee5984a671fcd77e3fc78e973d492e9bf0eb3f"},
    {url = "https://files.pythonhosted.org/packages/65/94/d4d2c7b148f2a9f7069325123d9ac9ae64aba2e2a908997f53082bf86908/Pillow-9.2.0-cp310-cp310-manylinux_2_17_i686.manylinux2014_i686.whl", hash = "sha256:831e648102c82f152e14c1a0938689dbb22480c548c8d4b8b248b3e50967b88c"},
    {url = "https://files.pythonhosted.org/packages/66/a8/d2c36017e6abd37de63ab3c5224d21141c651076068e6c3a169a8b021deb/Pillow-9.2.0-cp311-cp311-manylinux_2_17_x86_64.manylinux2014_x86_64.whl", hash = "sha256:7b0554af24df2bf96618dac71ddada02420f946be943b181108cac55a7a2dcd4"},
    {url = "https://files.pythonhosted.org/packages/69/f5/9e802159d78b2eaf26bf1f8b94648605993f5ca7247ac8870f065063fc40/Pillow-9.2.0-cp37-cp37m-win_amd64.whl", hash = "sha256:69bd1a15d7ba3694631e00df8de65a8cb031911ca11f44929c97fe05eb9b6c1d"},
    {url = "https://files.pythonhosted.org/packages/85/7f/8192ff7e5f79f05a637a8c4e697e24083fdc3c92f8f542b23180e49b6623/Pillow-9.2.0-cp310-cp310-musllinux_1_1_x86_64.whl", hash = "sha256:37ff6b522a26d0538b753f0b4e8e164fdada12db6c6f00f62145d732d8a3152e"},
    {url = "https://files.pythonhosted.org/packages/86/d2/ca178ad71dcd1dcddbe2a3f7983639d2f8a20e723d9a978ab978ed08c874/Pillow-9.2.0-cp37-cp37m-manylinux_2_17_x86_64.manylinux2014_x86_64.whl", hash = "sha256:a138441e95562b3c078746a22f8fca8ff1c22c014f856278bdbdd89ca36cff1b"},
    {url = "https://files.pythonhosted.org/packages/88/48/f433e808970f3d261d2fbcb888efc232feb66059d92cc53298ade7af0a4c/Pillow-9.2.0-cp311-cp311-macosx_11_0_universal2.whl", hash = "sha256:727dd1389bc5cb9827cbd1f9d40d2c2a1a0c9b32dd2261db522d22a604a6eec9"},
    {url = "https://files.pythonhosted.org/packages/88/49/c26fc3b5b0e82bdc9d8751d6b939da29327b0d98f7c3b95a575cbfed2743/Pillow-9.2.0-cp37-cp37m-macosx_10_10_x86_64.whl", hash = "sha256:2c58b24e3a63efd22554c676d81b0e57f80e0a7d3a5874a7e14ce90ec40d3069"},
    {url = "https://files.pythonhosted.org/packages/88/7a/ddfe28b485b623361457d4783007c1f9ba83a87f93e7fec32f64793efb6c/Pillow-9.2.0-cp39-cp39-macosx_10_10_x86_64.whl", hash = "sha256:0ed2c4ef2451de908c90436d6e8092e13a43992f1860275b4d8082667fbb2ffc"},
    {url = "https://files.pythonhosted.org/packages/8c/92/2975b464d9926dc667020ed1abfa6276e68c3571dcb77e43347e15ee9eed/Pillow-9.2.0.tar.gz", hash = "sha256:75e636fd3e0fb872693f23ccb8a5ff2cd578801251f3a4f6854c6a5d437d3c04"},
    {url = "https://files.pythonhosted.org/packages/8f/59/97618ad67fc0639ed588c60cfe9d91417f7bae8c87bbe7c7784b0ffdb9f1/Pillow-9.2.0-cp38-cp38-win_amd64.whl", hash = "sha256:ec52c351b35ca269cb1f8069d610fc45c5bd38c3e91f9ab4cbbf0aebc136d9c8"},
    {url = "https://files.pythonhosted.org/packages/93/89/5bcd074b8a4d18c147245f9ce0d18b065013bfcfb1d91d37e5bd4a4592f0/Pillow-9.2.0-cp311-cp311-win_amd64.whl", hash = "sha256:6bf088c1ce160f50ea40764f825ec9b72ed9da25346216b91361eef8ad1b8f8c"},
    {url = "https://files.pythonhosted.org/packages/97/10/24812a758b7b42eb1af34e080ce22e6dc9489cfe845f79c159f9e330cc8e/Pillow-9.2.0-cp38-cp38-macosx_11_0_arm64.whl", hash = "sha256:74a04183e6e64930b667d321524e3c5361094bb4af9083db5c301db64cd341f3"},
    {url = "https://files.pythonhosted.org/packages/a7/ae/58aeb5d106ab220ac34abf367fc03f711a4621638c8573842939314d7fff/Pillow-9.2.0-cp310-cp310-manylinux_2_17_aarch64.manylinux2014_aarch64.whl", hash = "sha256:7888310f6214f19ab2b6df90f3f06afa3df7ef7355fc025e78a3044737fab1f5"},
    {url = "https://files.pythonhosted.org/packages/a8/f6/80e3a20fdce16457ad80e335af6b600ff24afc1949d0184465436257a973/Pillow-9.2.0-cp310-cp310-win32.whl", hash = "sha256:c79698d4cd9318d9481d89a77e2d3fcaeff5486be641e60a4b49f3d2ecca4e28"},
    {url = "https://files.pythonhosted.org/packages/aa/bc/21097cd891dd2fa02f2b3d767e02e883e026482e59d29975d1bc30024aa3/Pillow-9.2.0-cp39-cp39-macosx_11_0_arm64.whl", hash = "sha256:4ad2f835e0ad81d1689f1b7e3fbac7b01bb8777d5a985c8962bedee0cc6d43da"},
    {url = "https://files.pythonhosted.org/packages/ab/e2/427f002ee7374c18cffa4daf9e236568b5dca2b2bc8ac6956fdb0cdfbb53/Pillow-9.2.0-pp37-pypy37_pp73-manylinux_2_28_x86_64.whl", hash = "sha256:dfe4c1fedfde4e2fbc009d5ad420647f7730d719786388b7de0999bf32c0d9fd"},
    {url = "https://files.pythonhosted.org/packages/ae/46/7c11880debb554c06ae0cebf4955611c98634ed4e416a3cd63f4bdb29049/Pillow-9.2.0-cp39-cp39-manylinux_2_17_i686.manylinux2014_i686.whl", hash = "sha256:7761afe0126d046974a01e030ae7529ed0ca6a196de3ec6937c11df0df1bc91c"},
    {url = "https://files.pythonhosted.org/packages/b5/f7/32fb51c965a5fbf3f368e06c82128c306b5fa2ca13f6ae9ad7ac042eca06/Pillow-9.2.0-cp39-cp39-musllinux_1_1_x86_64.whl", hash = "sha256:808add66ea764ed97d44dda1ac4f2cfec4c1867d9efb16a33d158be79f32b8a4"},
    {url = "https://files.pythonhosted.org/packages/c1/d2/169e77ffa99a04f6837ff860b022fa1ea925e698e1c544c58268c8fd2afe/Pillow-9.2.0-cp39-cp39-manylinux_2_17_x86_64.manylinux2014_x86_64.whl", hash = "sha256:9a54614049a18a2d6fe156e68e188da02a046a4a93cf24f373bffd977e943421"},
    {url = "https://files.pythonhosted.org/packages/c4/12/4a7faca1e4a4dad9b3f4527527dc1e979a0704e21b0aaf72946f79eec133/Pillow-9.2.0-pp37-pypy37_pp73-manylinux_2_17_i686.manylinux2014_i686.whl", hash = "sha256:7c7b502bc34f6e32ba022b4a209638f9e097d7a9098104ae420eb8186217ebbb"},
    {url = "https://files.pythonhosted.org/packages/c4/ac/a50a4a11fe2120d3047b567f765afb54d6c57bad704e8c9759153b6359e4/Pillow-9.2.0-cp310-cp310-manylinux_2_17_x86_64.manylinux2014_x86_64.whl", hash = "sha256:1cc1d2451e8a3b4bfdb9caf745b58e6c7a77d2e469159b0d527a4554d73694d1"},
    {url = "https://files.pythonhosted.org/packages/c4/c8/a28a8a91468db6b50a45f249835dfb3af58e505b92782fd4b22225e7cb6e/Pillow-9.2.0-cp38-cp38-macosx_10_10_x86_64.whl", hash = "sha256:030e3460861488e249731c3e7ab59b07c7853838ff3b8e16aac9561bb345da14"},
    {url = "https://files.pythonhosted.org/packages/c6/d8/ea34b07fdef5adde22ce9710213e7b8ad458969cc05f67f27f2607c3dbdc/Pillow-9.2.0-cp311-cp311-win32.whl", hash = "sha256:b6d5e92df2b77665e07ddb2e4dbd6d644b78e4c0d2e9272a852627cdba0d75cf"},
    {url = "https://files.pythonhosted.org/packages/ce/1c/c639b5662d3b831c4b95e08bc610a50a5b9e719f71338bedc0117e8dc5d3/Pillow-9.2.0-cp37-cp37m-win32.whl", hash = "sha256:fa768eff5f9f958270b081bb33581b4b569faabf8774726b283edb06617101dc"},
    {url = "https://files.pythonhosted.org/packages/d2/b9/4434959b8a2bdeccc5181b71d1377aeed352628fdf5c8a92f25868a0f2a0/Pillow-9.2.0-cp310-cp310-manylinux_2_28_aarch64.whl", hash = "sha256:136659638f61a251e8ed3b331fc6ccd124590eeff539de57c5f80ef3a9594e58"},
    {url = "https://files.pythonhosted.org/packages/d6/88/7d83874025345abe8574c81c6eb1e52b935e94e6cf4201c1402d600eb7da/Pillow-9.2.0-pp38-pypy38_pp73-macosx_10_10_x86_64.whl", hash = "sha256:f07f1f00e22b231dd3d9b9208692042e29792d6bd4f6639415d2f23158a80013"},
    {url = "https://files.pythonhosted.org/packages/d8/60/b13c00d403f34110e96c1b5c0afa73ce461efe3fe960c3a7e3e7fe190d82/Pillow-9.2.0-cp310-cp310-macosx_10_10_x86_64.whl", hash = "sha256:a9c9bc489f8ab30906d7a85afac4b4944a572a7432e00698a7239f44a44e6efb"},
    {url = "https://files.pythonhosted.org/packages/d8/80/ff6b6ae88982f73d050907dc2c307f387f6a04ce2ca7230ef3a568fbccac/Pillow-9.2.0-cp38-cp38-manylinux_2_28_x86_64.whl", hash = "sha256:bc431b065722a5ad1dfb4df354fb9333b7a582a5ee39a90e6ffff688d72f27a1"},
    {url = "https://files.pythonhosted.org/packages/dd/87/889f4636c9c42d62094a08f4bcaa3ae5fef512a2c1e699c0c631b2d380e9/Pillow-9.2.0-cp311-cp311-manylinux_2_17_i686.manylinux2014_i686.whl", hash = "sha256:cb6259196a589123d755380b65127ddc60f4c64b21fc3bb46ce3a6ea663659b0"},
    {url = "https://files.pythonhosted.org/packages/e8/91/c24d8d6e82f716be090fba3589413a82b354923d565a6b278c18682c8e76/Pillow-9.2.0-cp38-cp38-manylinux_2_28_aarch64.whl", hash = "sha256:4134d3f1ba5f15027ff5c04296f13328fecd46921424084516bdb1b2548e66ff"},
    {url = "https://files.pythonhosted.org/packages/ea/bb/dd5e8f584e0faa27c21e0c0a56eb157b9ea97873e3ced3570df089322f15/Pillow-9.2.0-cp38-cp38-musllinux_1_1_x86_64.whl", hash = "sha256:1536ad017a9f789430fb6b8be8bf99d2f214c76502becc196c6f2d9a75b01b76"},
    {url = "https://files.pythonhosted.org/packages/eb/22/fc208ed1631352e473aa9553a86253435667e16676c0c97229d646b1e540/Pillow-9.2.0-cp39-cp39-manylinux_2_28_aarch64.whl", hash = "sha256:5aed7dde98403cd91d86a1115c78d8145c83078e864c1de1064f52e6feb61b20"},
    {url = "https://files.pythonhosted.org/packages/ed/d5/c2e84e1e36ab8ebea033921d5886a056c77e18bab5ab1051fcc22de2e8a2/Pillow-9.2.0-cp37-cp37m-manylinux_2_28_x86_64.whl", hash = "sha256:f3fac744f9b540148fa7715a435d2283b71f68bfb6d4aae24482a890aed18b59"},
    {url = "https://files.pythonhosted.org/packages/f4/2c/aa1eefda3538b661c1fd2310f19e82b7ee09c5362ab1f8f03b6e69ef5bfb/Pillow-9.2.0-cp311-cp311-manylinux_2_28_x86_64.whl", hash = "sha256:bdd0de2d64688ecae88dd8935012c4a72681e5df632af903a1dca8c5e7aa871a"},
    {url = "https://files.pythonhosted.org/packages/f6/51/320986ebd6d46a0e95c2240468ced73153b691ce07617078bcdf30c609ec/Pillow-9.2.0-cp310-cp310-manylinux_2_28_x86_64.whl", hash = "sha256:6e8c66f70fb539301e064f6478d7453e820d8a2c631da948a23384865cd95544"},
    {url = "https://files.pythonhosted.org/packages/ff/b9/9ba0cd0ab041f15c1ef3580be93f434792bb8776b63da6d94bdfe27aad70/Pillow-9.2.0-pp37-pypy37_pp73-macosx_10_10_x86_64.whl", hash = "sha256:ad2277b185ebce47a63f4dc6302e30f05762b688f8dc3de55dbae4651872cdf3"},
]
"pytz 2022.2.1" = [
    {url = "https://files.pythonhosted.org/packages/24/0c/401283bb1499768e33ddd2e1a35817c775405c1f047a9dc088a29ce2ea5d/pytz-2022.2.1.tar.gz", hash = "sha256:cea221417204f2d1a2aa03ddae3e867921971d0d76f14d87abb4414415bbdcf5"},
    {url = "https://files.pythonhosted.org/packages/d5/50/54451e88e3da4616286029a3a17fc377de817f66a0f50e1faaee90161724/pytz-2022.2.1-py2.py3-none-any.whl", hash = "sha256:220f481bdafa09c3955dfbdddb7b57780e9a94f5127e35456a48589b9e0c0197"},
]
"requests 2.28.1" = [
    {url = "https://files.pythonhosted.org/packages/a5/61/a867851fd5ab77277495a8709ddda0861b28163c4613b011bc00228cc724/requests-2.28.1.tar.gz", hash = "sha256:7c5599b102feddaa661c826c56ab4fee28bfd17f5abca1ebbe3e7f19d7c97983"},
    {url = "https://files.pythonhosted.org/packages/ca/91/6d9b8ccacd0412c08820f72cebaa4f0c0441b5cda699c90f618b6f8a1b42/requests-2.28.1-py3-none-any.whl", hash = "sha256:8fefa2a1a1365bf5520aac41836fbee479da67864514bdb821f31ce07ce65349"},
]
"six 1.16.0" = [
    {url = "https://files.pythonhosted.org/packages/71/39/171f1c67cd00715f190ba0b100d606d440a28c93c7714febeca8b79af85e/six-1.16.0.tar.gz", hash = "sha256:1e61c37477a1626458e36f7b1d82aa5c9b094fa4802892072e49de9c60c4c926"},
    {url = "https://files.pythonhosted.org/packages/d9/5a/e7c31adbe875f2abbb91bd84cf2dc52d792b5a01506781dbcf25c91daf11/six-1.16.0-py2.py3-none-any.whl", hash = "sha256:8abb2f1d86890a2dfb989f9a77cfcfd3e47c2a354b01111771326f8aa26e0254"},
]
"soupsieve 2.3.2.post1" = [
    {url = "https://files.pythonhosted.org/packages/16/e3/4ad79882b92617e3a4a0df1960d6bce08edfb637737ac5c3f3ba29022e25/soupsieve-2.3.2.post1-py3-none-any.whl", hash = "sha256:3b2503d3c7084a42b1ebd08116e5f81aadfaea95863628c80a3b774a11b7c759"},
    {url = "https://files.pythonhosted.org/packages/f3/03/bac179d539362319b4779a00764e95f7542f4920084163db6b0fd4742d38/soupsieve-2.3.2.post1.tar.gz", hash = "sha256:fc53893b3da2c33de295667a0e19f078c14bf86544af307354de5fcf12a3f30d"},
]
"sqlparse 0.4.2" = [
    {url = "https://files.pythonhosted.org/packages/05/40/d836d55fb3f467243ee839ab7b814822fda522cd395fa41e282684e71ee5/sqlparse-0.4.2-py3-none-any.whl", hash = "sha256:48719e356bb8b42991bdbb1e8b83223757b93789c00910a616a071910ca4a64d"},
    {url = "https://files.pythonhosted.org/packages/32/fe/8a8575debfd924c8160295686a7ea661107fc34d831429cce212b6442edb/sqlparse-0.4.2.tar.gz", hash = "sha256:0c00730c74263a94e5a9919ade150dfc3b19c574389985446148402998287dae"},
]
"tablib 3.2.1" = [
    {url = "https://files.pythonhosted.org/packages/25/02/a81acf183a3032bbaebd488b902f597723a662edf6a4a92142bd67fcc4ed/tablib-3.2.1.tar.gz", hash = "sha256:a57f2770b8c225febec1cb1e65012a69cf30dd28be810e0ff98d024768c7d0f1"},
    {url = "https://files.pythonhosted.org/packages/41/62/9771bc91ee9e9faa8f00caefd51f77d348cc72f910a96fdd5e2a4cc28ac3/tablib-3.2.1-py3-none-any.whl", hash = "sha256:870d7e688f738531a14937a055e8bba404fbc388e77d4d500b2c904075d1019c"},
]
"telepath 0.2" = [
    {url = "https://files.pythonhosted.org/packages/19/58/399eab2ec59f159eda17b1a598ca8077f81ec261b59827372dfae187c6f3/telepath-0.2-py35-none-any.whl", hash = "sha256:801615094d3d964e178183099bf04020f4ff9c84ec43945d40b096df0a5767ee"},
    {url = "https://files.pythonhosted.org/packages/8f/74/64fe35884a2be450d380082c7c41e0a285724e90cc9901cc5fb3c75382b9/telepath-0.2.tar.gz", hash = "sha256:ef4cf2a45ed1908c58639c346756955f8a73ae79002a8116d596b3fd702bf84c"},
]
"tzdata 2022.2" = [
    {url = "https://files.pythonhosted.org/packages/3e/eb/a00286433c739bb1a0d83a069b2dc379a5d14b0b9c927e3cb00cb434d740/tzdata-2022.2.tar.gz", hash = "sha256:21f4f0d7241572efa7f7a4fdabb052e61b55dc48274e6842697ccdf5253e5451"},
    {url = "https://files.pythonhosted.org/packages/71/9b/8b9fea4f4dc956de76baa291cec1c864a8edadf2950d1740bc386d7fe55a/tzdata-2022.2-py2.py3-none-any.whl", hash = "sha256:c3119520447d68ef3eb8187a55a4f44fa455f30eb1b4238fa5691ba094f2b05b"},
]
"urllib3 1.26.12" = [
    {url = "https://files.pythonhosted.org/packages/6f/de/5be2e3eed8426f871b170663333a0f627fc2924cc386cd41be065e7ea870/urllib3-1.26.12-py2.py3-none-any.whl", hash = "sha256:b930dd878d5a8afb066a637fbb35144fe7901e3b209d1cd4f524bd0e9deee997"},
    {url = "https://files.pythonhosted.org/packages/b2/56/d87d6d3c4121c0bcec116919350ca05dc3afd2eeb7dc88d07e8083f8ea94/urllib3-1.26.12.tar.gz", hash = "sha256:3fa96cf423e6987997fc326ae8df396db2a8b7c667747d47ddd8ecba91f4a74e"},
]
"wagtail 3.0.1" = [
    {url = "https://files.pythonhosted.org/packages/a0/6d/b5093a175e9b90ce014d0379e1248b5e8357e9a558a14ce37931c8c1d642/wagtail-3.0.1.tar.gz", hash = "sha256:917393fcea8644734beb323d607e02e4316370982ba0b4ea689a576567247bc8"},
    {url = "https://files.pythonhosted.org/packages/d1/9a/8349e50e70658f7c5ff8045b87faf6c41fca3edee670e3b720b0a7e480b8/wagtail-3.0.1-py3-none-any.whl", hash = "sha256:107d7a1ac9a4fde0fa2e454cc84f548dc41581cc627881abf4bbac3d5a30244c"},
]
"webencodings 0.5.1" = [
    {url = "https://files.pythonhosted.org/packages/0b/02/ae6ceac1baeda530866a85075641cec12989bd8d31af6d5ab4a3e8c92f47/webencodings-0.5.1.tar.gz", hash = "sha256:b36a1c245f2d304965eb4e0a82848379241dc04b865afcc4aab16748587e1923"},
    {url = "https://files.pythonhosted.org/packages/f4/24/2a3e3df732393fed8b3ebf2ec078f05546de641fe1b667ee316ec1dcf3b7/webencodings-0.5.1-py2.py3-none-any.whl", hash = "sha256:a0af1213f3c2226497a97e2b3aa01a7e4bee4f403f95be16fc9acd2947514a78"},
]
"willow 1.4.1" = [
    {url = "https://files.pythonhosted.org/packages/b5/bb/e654a03c8224b06f9e12381cd0c67028f460e625df55711f7ded30afcaf1/Willow-1.4.1-py2.py3-none-any.whl", hash = "sha256:fc4042696d090e75aef922fa1ed26d483c764f005b36cf523cf7c34e69d5dd7a"},
    {url = "https://files.pythonhosted.org/packages/ba/45/b43a39989548ce99b34cda59268969addaef8a133e72879524d04ab54a4b/Willow-1.4.1.tar.gz", hash = "sha256:0df8ff528531e00b48d40bf72ed81beac1dc82f2d42e5bbed4aff0218bef8c0d"},
]
"xlrd 2.0.1" = [
    {url = "https://files.pythonhosted.org/packages/a6/0c/c2a72d51fe56e08a08acc85d13013558a2d793028ae7385448a6ccdfae64/xlrd-2.0.1-py2.py3-none-any.whl", hash = "sha256:6a33ee89877bd9abc1158129f6e94be74e2679636b8a205b43b85206c3f0bbdd"},
    {url = "https://files.pythonhosted.org/packages/a6/b3/19a2540d21dea5f908304375bd43f5ed7a4c28a370dc9122c565423e6b44/xlrd-2.0.1.tar.gz", hash = "sha256:f72f148f54442c6b056bf931dbc34f986fd0c3b0b6b5a58d013c9aef274d0c88"},
]
"xlsxwriter 3.0.3" = [
    {url = "https://files.pythonhosted.org/packages/53/04/91ff43803c3e88c32aa272fdbda5859fc3c3b50b0de3a1e439cc57455330/XlsxWriter-3.0.3.tar.gz", hash = "sha256:e89f4a1d2fa2c9ea15cde77de95cd3fd8b0345d0efb3964623f395c8c4988b7f"},
    {url = "https://files.pythonhosted.org/packages/ef/95/30f6ee57f10232e2055a85c3e4c8db7d38ab5f1349b6cdced85cb8acd5e6/XlsxWriter-3.0.3-py3-none-any.whl", hash = "sha256:df0aefe5137478d206847eccf9f114715e42aaea077e6a48d0e8a2152e983010"},
]
"xlwt 1.3.0" = [
    {url = "https://files.pythonhosted.org/packages/06/97/56a6f56ce44578a69343449aa5a0d98eefe04085d69da539f3034e2cd5c1/xlwt-1.3.0.tar.gz", hash = "sha256:c59912717a9b28f1a3c2a98fd60741014b06b043936dcecbc113eaaada156c88"},
    {url = "https://files.pythonhosted.org/packages/44/48/def306413b25c3d01753603b1a222a011b8621aed27cd7f89cbc27e6b0f4/xlwt-1.3.0-py2.py3-none-any.whl", hash = "sha256:a082260524678ba48a297d922cc385f58278b8aa68741596a87de01a9c628b2e"},
]
